
Microsoft Visual Studio Solution File, Format Version 12.00
Project("{FAE04EC0-301F-11D3-BF4B-00C04F79EFBC}") = "VisionComputacional", "VisionComputacional.csproj", "{06A4EFBD-B224-4F3E-8BA2-9ECBF53528B2}"
EndProject
Global
	GlobalSection(SolutionConfigurationPlatforms) = preSolution
		Debug|Any CPU = Debug|Any CPU
		Release|Any CPU = Release|Any CPU
	EndGlobalSection
	GlobalSection(ProjectConfigurationPlatforms) = postSolution
		{06A4EFBD-B224-4F3E-8BA2-9ECBF53528B2}.Debug|Any CPU.ActiveCfg = Debug|Any CPU
		{06A4EFBD-B224-4F3E-8BA2-9ECBF53528B2}.Debug|Any CPU.Build.0 = Debug|Any CPU
		{06A4EFBD-B224-4F3E-8BA2-9ECBF53528B2}.Release|Any CPU.ActiveCfg = Release|Any CPU
		{06A4EFBD-B224-4F3E-8BA2-9ECBF53528B2}.Release|Any CPU.Build.0 = Release|Any CPU
	EndGlobalSection
EndGlobal
